
Microsoft Visual Studio Solution File, Format Version 12.00
# Visual Studio Version 16
VisualStudioVersion = 16.0.31624.102
MinimumVisualStudioVersion = 10.0.40219.1
Project("{FAE04EC0-301F-11D3-BF4B-00C04F79EFBC}") = "ConsoleApp1", "ConsoleApp1\ConsoleApp1.csproj", "{50E41662-27FF-4A6E-BA80-0DB189B32E08}"
EndProject
Project("{FAE04EC0-301F-11D3-BF4B-00C04F79EFBC}") = "UnitTest", "UnitTest\UnitTest.csproj", "{3DE8FDE6-8CE6-4EBE-888C-9DEDE0DE7A59}"
EndProject
Global
	GlobalSection(SolutionConfigurationPlatforms) = preSolution
		Debug|Any CPU = Debug|Any CPU
		Release|Any CPU = Release|Any CPU
	EndGlobalSection
	GlobalSection(ProjectConfigurationPlatforms) = postSolution
		{50E41662-27FF-4A6E-BA80-0DB189B32E08}.Debug|Any CPU.ActiveCfg = Debug|Any CPU
		{50E41662-27FF-4A6E-BA80-0DB189B32E08}.Debug|Any CPU.Build.0 = Debug|Any CPU
		{50E41662-27FF-4A6E-BA80-0DB189B32E08}.Release|Any CPU.ActiveCfg = Release|Any CPU
		{50E41662-27FF-4A6E-BA80-0DB189B32E08}.Release|Any CPU.Build.0 = Release|Any CPU
		{3DE8FDE6-8CE6-4EBE-888C-9DEDE0DE7A59}.Debug|Any CPU.ActiveCfg = Debug|Any CPU
		{3DE8FDE6-8CE6-4EBE-888C-9DEDE0DE7A59}.Debug|Any CPU.Build.0 = Debug|Any CPU
		{3DE8FDE6-8CE6-4EBE-888C-9DEDE0DE7A59}.Release|Any CPU.ActiveCfg = Release|Any CPU
		{3DE8FDE6-8CE6-4EBE-888C-9DEDE0DE7A59}.Release|Any CPU.Build.0 = Release|Any CPU
	EndGlobalSection
	GlobalSection(SolutionProperties) = preSolution
		HideSolutionNode = FALSE
	EndGlobalSection
	GlobalSection(ExtensibilityGlobals) = postSolution
		SolutionGuid = {92BE203B-103B-4247-B1D3-23ADE50CB52D}
	EndGlobalSection
EndGlobal
